
Microsoft Visual Studio Solution File, Format Version 12.00
# Visual Studio Version 17
VisualStudioVersion = 17.2.32526.322
MinimumVisualStudioVersion = 10.0.40219.1
Project("{2150E333-8FDC-42A3-9474-1A3956D46DE8}") = "API", "API", "{93298C53-5CF4-4D64-A02B-217345751AFC}"
EndProject
Project("{2150E333-8FDC-42A3-9474-1A3956D46DE8}") = "APP", "APP", "{F1A3F678-8605-475E-83C3-0790EA763BB7}"
EndProject
Project("{FAE04EC0-301F-11D3-BF4B-00C04F79EFBC}") = "JobSearch.API", "JobSearch.API\JobSearch.API.csproj", "{5C3C1606-8C5F-48DD-BFA8-FF0EF74FCC85}"
EndProject
Project("{FAE04EC0-301F-11D3-BF4B-00C04F79EFBC}") = "JobSearch.App.UWP", "JobSearch.App\JobSearch.App.UWP\JobSearch.App.UWP.csproj", "{0097DE95-2477-46C5-A2C0-59D2C730B87E}"
EndProject
Project("{FAE04EC0-301F-11D3-BF4B-00C04F79EFBC}") = "JobSearch.App.Android", "JobSearch.App\JobSearch.App.Android\JobSearch.App.Android.csproj", "{BDD67F4D-40B9-44A2-9955-39A7F761F675}"
EndProject
Project("{FAE04EC0-301F-11D3-BF4B-00C04F79EFBC}") = "JobSearch.App", "JobSearch.App\JobSearch.App\JobSearch.App.csproj", "{58447F08-EF6C-482A-ACC1-80F05C1008E4}"
EndProject
Project("{2150E333-8FDC-42A3-9474-1A3956D46DE8}") = "Domain", "Domain", "{8A3C414A-3C01-473B-836D-2B4232EE5A7B}"
EndProject
Project("{FAE04EC0-301F-11D3-BF4B-00C04F79EFBC}") = "JobSearch.Domain", "JobSearch.Domain\JobSearch.Domain.csproj", "{062B0BBD-FDC1-49CC-8716-043FF6B950BD}"
EndProject
Global
	GlobalSection(SolutionConfigurationPlatforms) = preSolution
		Debug|Any CPU = Debug|Any CPU
		Debug|ARM = Debug|ARM
		Debug|x64 = Debug|x64
		Debug|x86 = Debug|x86
		Release|Any CPU = Release|Any CPU
		Release|ARM = Release|ARM
		Release|x64 = Release|x64
		Release|x86 = Release|x86
	EndGlobalSection
	GlobalSection(ProjectConfigurationPlatforms) = postSolution
		{5C3C1606-8C5F-48DD-BFA8-FF0EF74FCC85}.Debug|Any CPU.ActiveCfg = Debug|Any CPU
		{5C3C1606-8C5F-48DD-BFA8-FF0EF74FCC85}.Debug|Any CPU.Build.0 = Debug|Any CPU
		{5C3C1606-8C5F-48DD-BFA8-FF0EF74FCC85}.Debug|ARM.ActiveCfg = Debug|Any CPU
		{5C3C1606-8C5F-48DD-BFA8-FF0EF74FCC85}.Debug|ARM.Build.0 = Debug|Any CPU
		{5C3C1606-8C5F-48DD-BFA8-FF0EF74FCC85}.Debug|x64.ActiveCfg = Debug|Any CPU
		{5C3C1606-8C5F-48DD-BFA8-FF0EF74FCC85}.Debug|x64.Build.0 = Debug|Any CPU
		{5C3C1606-8C5F-48DD-BFA8-FF0EF74FCC85}.Debug|x86.ActiveCfg = Debug|Any CPU
		{5C3C1606-8C5F-48DD-BFA8-FF0EF74FCC85}.Debug|x86.Build.0 = Debug|Any CPU
		{5C3C1606-8C5F-48DD-BFA8-FF0EF74FCC85}.Release|Any CPU.ActiveCfg = Release|Any CPU
		{5C3C1606-8C5F-48DD-BFA8-FF0EF74FCC85}.Release|Any CPU.Build.0 = Release|Any CPU
		{5C3C1606-8C5F-48DD-BFA8-FF0EF74FCC85}.Release|ARM.ActiveCfg = Release|Any CPU
		{5C3C1606-8C5F-48DD-BFA8-FF0EF74FCC85}.Release|ARM.Build.0 = Release|Any CPU
		{5C3C1606-8C5F-48DD-BFA8-FF0EF74FCC85}.Release|x64.ActiveCfg = Release|Any CPU
		{5C3C1606-8C5F-48DD-BFA8-FF0EF74FCC85}.Release|x64.Build.0 = Release|Any CPU
		{5C3C1606-8C5F-48DD-BFA8-FF0EF74FCC85}.Release|x86.ActiveCfg = Release|Any CPU
		{5C3C1606-8C5F-48DD-BFA8-FF0EF74FCC85}.Release|x86.Build.0 = Release|Any CPU
		{0097DE95-2477-46C5-A2C0-59D2C730B87E}.Debug|Any CPU.ActiveCfg = Debug|x64
		{0097DE95-2477-46C5-A2C0-59D2C730B87E}.Debug|Any CPU.Build.0 = Debug|x64
		{0097DE95-2477-46C5-A2C0-59D2C730B87E}.Debug|Any CPU.Deploy.0 = Debug|x64
		{0097DE95-2477-46C5-A2C0-59D2C730B87E}.Debug|ARM.ActiveCfg = Debug|ARM
		{0097DE95-2477-46C5-A2C0-59D2C730B87E}.Debug|ARM.Build.0 = Debug|ARM
		{0097DE95-2477-46C5-A2C0-59D2C730B87E}.Debug|ARM.Deploy.0 = Debug|ARM
		{0097DE95-2477-46C5-A2C0-59D2C730B87E}.Debug|x64.ActiveCfg = Debug|x64
		{0097DE95-2477-46C5-A2C0-59D2C730B87E}.Debug|x64.Build.0 = Debug|x64
		{0097DE95-2477-46C5-A2C0-59D2C730B87E}.Debug|x64.Deploy.0 = Debug|x64
		{0097DE95-2477-46C5-A2C0-59D2C730B87E}.Debug|x86.ActiveCfg = Debug|x86
		{0097DE95-2477-46C5-A2C0-59D2C730B87E}.Debug|x86.Build.0 = Debug|x86
		{0097DE95-2477-46C5-A2C0-59D2C730B87E}.Debug|x86.Deploy.0 = Debug|x86
		{0097DE95-2477-46C5-A2C0-59D2C730B87E}.Release|Any CPU.ActiveCfg = Release|x64
		{0097DE95-2477-46C5-A2C0-59D2C730B87E}.Release|Any CPU.Build.0 = Release|x64
		{0097DE95-2477-46C5-A2C0-59D2C730B87E}.Release|Any CPU.Deploy.0 = Release|x64
		{0097DE95-2477-46C5-A2C0-59D2C730B87E}.Release|ARM.ActiveCfg = Release|ARM
		{0097DE95-2477-46C5-A2C0-59D2C730B87E}.Release|ARM.Build.0 = Release|ARM
		{0097DE95-2477-46C5-A2C0-59D2C730B87E}.Release|ARM.Deploy.0 = Release|ARM
		{0097DE95-2477-46C5-A2C0-59D2C730B87E}.Release|x64.ActiveCfg = Release|x64
		{0097DE95-2477-46C5-A2C0-59D2C730B87E}.Release|x64.Build.0 = Release|x64
		{0097DE95-2477-46C5-A2C0-59D2C730B87E}.Release|x64.Deploy.0 = Release|x64
		{0097DE95-2477-46C5-A2C0-59D2C730B87E}.Release|x86.ActiveCfg = Release|x86
		{0097DE95-2477-46C5-A2C0-59D2C730B87E}.Release|x86.Build.0 = Release|x86
		{0097DE95-2477-46C5-A2C0-59D2C730B87E}.Release|x86.Deploy.0 = Release|x86
		{BDD67F4D-40B9-44A2-9955-39A7F761F675}.Debug|Any CPU.ActiveCfg = Debug|Any CPU
		{BDD67F4D-40B9-44A2-9955-39A7F761F675}.Debug|Any CPU.Build.0 = Debug|Any CPU
		{BDD67F4D-40B9-44A2-9955-39A7F761F675}.Debug|Any CPU.Deploy.0 = Debug|Any CPU
		{BDD67F4D-40B9-44A2-9955-39A7F761F675}.Debug|ARM.ActiveCfg = Debug|Any CPU
		{BDD67F4D-40B9-44A2-9955-39A7F761F675}.Debug|ARM.Build.0 = Debug|Any CPU
		{BDD67F4D-40B9-44A2-9955-39A7F761F675}.Debug|ARM.Deploy.0 = Debug|Any CPU
		{BDD67F4D-40B9-44A2-9955-39A7F761F675}.Debug|x64.ActiveCfg = Debug|Any CPU
		{BDD67F4D-40B9-44A2-9955-39A7F761F675}.Debug|x64.Build.0 = Debug|Any CPU
		{BDD67F4D-40B9-44A2-9955-39A7F761F675}.Debug|x64.Deploy.0 = Debug|Any CPU
		{BDD67F4D-40B9-44A2-9955-39A7F761F675}.Debug|x86.ActiveCfg = Debug|Any CPU
		{BDD67F4D-40B9-44A2-9955-39A7F761F675}.Debug|x86.Build.0 = Debug|Any CPU
		{BDD67F4D-40B9-44A2-9955-39A7F761F675}.Debug|x86.Deploy.0 = Debug|Any CPU
		{BDD67F4D-40B9-44A2-9955-39A7F761F675}.Release|Any CPU.ActiveCfg = Release|Any CPU
		{BDD67F4D-40B9-44A2-9955-39A7F761F675}.Release|Any CPU.Build.0 = Release|Any CPU
		{BDD67F4D-40B9-44A2-9955-39A7F761F675}.Release|Any CPU.Deploy.0 = Release|Any CPU
		{BDD67F4D-40B9-44A2-9955-39A7F761F675}.Release|ARM.ActiveCfg = Release|Any CPU
		{BDD67F4D-40B9-44A2-9955-39A7F761F675}.Release|ARM.Build.0 = Release|Any CPU
		{BDD67F4D-40B9-44A2-9955-39A7F761F675}.Release|ARM.Deploy.0 = Release|Any CPU
		{BDD67F4D-40B9-44A2-9955-39A7F761F675}.Release|x64.ActiveCfg = Release|Any CPU
		{BDD67F4D-40B9-44A2-9955-39A7F761F675}.Release|x64.Build.0 = Release|Any CPU
		{BDD67F4D-40B9-44A2-9955-39A7F761F675}.Release|x64.Deploy.0 = Release|Any CPU
		{BDD67F4D-40B9-44A2-9955-39A7F761F675}.Release|x86.ActiveCfg = Release|Any CPU
		{BDD67F4D-40B9-44A2-9955-39A7F761F675}.Release|x86.Build.0 = Release|Any CPU
		{BDD67F4D-40B9-44A2-9955-39A7F761F675}.Release|x86.Deploy.0 = Release|Any CPU
		{58447F08-EF6C-482A-ACC1-80F05C1008E4}.Debug|Any CPU.ActiveCfg = Debug|Any CPU
		{58447F08-EF6C-482A-ACC1-80F05C1008E4}.Debug|Any CPU.Build.0 = Debug|Any CPU
		{58447F08-EF6C-482A-ACC1-80F05C1008E4}.Debug|ARM.ActiveCfg = Debug|Any CPU
		{58447F08-EF6C-482A-ACC1-80F05C1008E4}.Debug|ARM.Build.0 = Debug|Any CPU
		{58447F08-EF6C-482A-ACC1-80F05C1008E4}.Debug|x64.ActiveCfg = Debug|Any CPU
		{58447F08-EF6C-482A-ACC1-80F05C1008E4}.Debug|x64.Build.0 = Debug|Any CPU
		{58447F08-EF6C-482A-ACC1-80F05C1008E4}.Debug|x86.ActiveCfg = Debug|Any CPU
		{58447F08-EF6C-482A-ACC1-80F05C1008E4}.Debug|x86.Build.0 = Debug|Any CPU
		{58447F08-EF6C-482A-ACC1-80F05C1008E4}.Release|Any CPU.ActiveCfg = Release|Any CPU
		{58447F08-EF6C-482A-ACC1-80F05C1008E4}.Release|Any CPU.Build.0 = Release|Any CPU
		{58447F08-EF6C-482A-ACC1-80F05C1008E4}.Release|ARM.ActiveCfg = Release|Any CPU
		{58447F08-EF6C-482A-ACC1-80F05C1008E4}.Release|ARM.Build.0 = Release|Any CPU
		{58447F08-EF6C-482A-ACC1-80F05C1008E4}.Release|x64.ActiveCfg = Release|Any CPU
		{58447F08-EF6C-482A-ACC1-80F05C1008E4}.Release|x64.Build.0 = Release|Any CPU
		{58447F08-EF6C-482A-ACC1-80F05C1008E4}.Release|x86.ActiveCfg = Release|Any CPU
		{58447F08-EF6C-482A-ACC1-80F05C1008E4}.Release|x86.Build.0 = Release|Any CPU
		{062B0BBD-FDC1-49CC-8716-043FF6B950BD}.Debug|Any CPU.ActiveCfg = Debug|Any CPU
		{062B0BBD-FDC1-49CC-8716-043FF6B950BD}.Debug|Any CPU.Build.0 = Debug|Any CPU
		{062B0BBD-FDC1-49CC-8716-043FF6B950BD}.Debug|ARM.ActiveCfg = Debug|Any CPU
		{062B0BBD-FDC1-49CC-8716-043FF6B950BD}.Debug|ARM.Build.0 = Debug|Any CPU
		{062B0BBD-FDC1-49CC-8716-043FF6B950BD}.Debug|x64.ActiveCfg = Debug|Any CPU
		{062B0BBD-FDC1-49CC-8716-043FF6B950BD}.Debug|x64.Build.0 = Debug|Any CPU
		{062B0BBD-FDC1-49CC-8716-043FF6B950BD}.Debug|x86.ActiveCfg = Debug|Any CPU
		{062B0BBD-FDC1-49CC-8716-043FF6B950BD}.Debug|x86.Build.0 = Debug|Any CPU
		{062B0BBD-FDC1-49CC-8716-043FF6B950BD}.Release|Any CPU.ActiveCfg = Release|Any CPU
		{062B0BBD-FDC1-49CC-8716-043FF6B950BD}.Release|Any CPU.Build.0 = Release|Any CPU
		{062B0BBD-FDC1-49CC-8716-043FF6B950BD}.Release|ARM.ActiveCfg = Release|Any CPU
		{062B0BBD-FDC1-49CC-8716-043FF6B950BD}.Release|ARM.Build.0 = Release|Any CPU
		{062B0BBD-FDC1-49CC-8716-043FF6B950BD}.Release|x64.ActiveCfg = Release|Any CPU
		{062B0BBD-FDC1-49CC-8716-043FF6B950BD}.Release|x64.Build.0 = Release|Any CPU
		{062B0BBD-FDC1-49CC-8716-043FF6B950BD}.Release|x86.ActiveCfg = Release|Any CPU
		{062B0BBD-FDC1-49CC-8716-043FF6B950BD}.Release|x86.Build.0 = Release|Any CPU
	EndGlobalSection
	GlobalSection(SolutionProperties) = preSolution
		HideSolutionNode = FALSE
	EndGlobalSection
	GlobalSection(NestedProjects) = preSolution
		{5C3C1606-8C5F-48DD-BFA8-FF0EF74FCC85} = {93298C53-5CF4-4D64-A02B-217345751AFC}
		{0097DE95-2477-46C5-A2C0-59D2C730B87E} = {F1A3F678-8605-475E-83C3-0790EA763BB7}
		{BDD67F4D-40B9-44A2-9955-39A7F761F675} = {F1A3F678-8605-475E-83C3-0790EA763BB7}
		{58447F08-EF6C-482A-ACC1-80F05C1008E4} = {F1A3F678-8605-475E-83C3-0790EA763BB7}
		{062B0BBD-FDC1-49CC-8716-043FF6B950BD} = {8A3C414A-3C01-473B-836D-2B4232EE5A7B}
	EndGlobalSection
	GlobalSection(ExtensibilityGlobals) = postSolution
		SolutionGuid = {A84F776E-7AD9-4E36-8437-DBDA9C681F24}
	EndGlobalSection
EndGlobal
